
Microsoft Visual Studio Solution File, Format Version 12.00
# Visual Studio 2013
VisualStudioVersion = 12.0.40629.0
MinimumVisualStudioVersion = 10.0.40219.1
Project("{FAE04EC0-301F-11D3-BF4B-00C04F79EFBC}") = "tester-framework", "TopDown_QA_FrameWork\tester-framework.csproj", "{F854F207-C13A-4EF1-AC46-E0D375931B37}"
EndProject
Project("{FAE04EC0-301F-11D3-BF4B-00C04F79EFBC}") = "tester-gui", "UI_test_player_TD\tester-gui.csproj", "{1A9BF14F-2558-4D3C-8647-804D2CBCE53C}"
EndProject
Project("{FAE04EC0-301F-11D3-BF4B-00C04F79EFBC}") = "tester-cli", "testercl\tester-cli.csproj", "{47932001-42AD-4FB6-8931-FC26B20169C1}"
EndProject
Project("{FAE04EC0-301F-11D3-BF4B-00C04F79EFBC}") = "tester-webapp", "tester-webapp\tester-webapp.csproj", "{22044D8C-CF99-4675-B6C2-86CE7F47E4F4}"
EndProject
Global
	GlobalSection(SolutionConfigurationPlatforms) = preSolution
		Debug|Any CPU = Debug|Any CPU
		Release|Any CPU = Release|Any CPU
	EndGlobalSection
	GlobalSection(ProjectConfigurationPlatforms) = postSolution
		{F854F207-C13A-4EF1-AC46-E0D375931B37}.Debug|Any CPU.ActiveCfg = Debug|Any CPU
		{F854F207-C13A-4EF1-AC46-E0D375931B37}.Debug|Any CPU.Build.0 = Debug|Any CPU
		{F854F207-C13A-4EF1-AC46-E0D375931B37}.Release|Any CPU.ActiveCfg = Release|Any CPU
		{F854F207-C13A-4EF1-AC46-E0D375931B37}.Release|Any CPU.Build.0 = Release|Any CPU
		{1A9BF14F-2558-4D3C-8647-804D2CBCE53C}.Debug|Any CPU.ActiveCfg = Debug|Any CPU
		{1A9BF14F-2558-4D3C-8647-804D2CBCE53C}.Debug|Any CPU.Build.0 = Debug|Any CPU
		{1A9BF14F-2558-4D3C-8647-804D2CBCE53C}.Release|Any CPU.ActiveCfg = Release|Any CPU
		{1A9BF14F-2558-4D3C-8647-804D2CBCE53C}.Release|Any CPU.Build.0 = Release|Any CPU
		{47932001-42AD-4FB6-8931-FC26B20169C1}.Debug|Any CPU.ActiveCfg = Debug|Any CPU
		{47932001-42AD-4FB6-8931-FC26B20169C1}.Debug|Any CPU.Build.0 = Debug|Any CPU
		{47932001-42AD-4FB6-8931-FC26B20169C1}.Release|Any CPU.ActiveCfg = Release|Any CPU
		{47932001-42AD-4FB6-8931-FC26B20169C1}.Release|Any CPU.Build.0 = Release|Any CPU
		{22044D8C-CF99-4675-B6C2-86CE7F47E4F4}.Debug|Any CPU.ActiveCfg = Debug|Any CPU
		{22044D8C-CF99-4675-B6C2-86CE7F47E4F4}.Debug|Any CPU.Build.0 = Debug|Any CPU
		{22044D8C-CF99-4675-B6C2-86CE7F47E4F4}.Release|Any CPU.ActiveCfg = Release|Any CPU
		{22044D8C-CF99-4675-B6C2-86CE7F47E4F4}.Release|Any CPU.Build.0 = Release|Any CPU
	EndGlobalSection
	GlobalSection(SolutionProperties) = preSolution
		HideSolutionNode = FALSE
	EndGlobalSection
EndGlobal
