
Microsoft Visual Studio Solution File, Format Version 12.00
# Visual Studio 15
VisualStudioVersion = 15.0.27130.2024
MinimumVisualStudioVersion = 10.0.40219.1
Project("{FAE04EC0-301F-11D3-BF4B-00C04F79EFBC}") = "Tester.Services", "TopDown_QA_FrameWork\Tester.Services.csproj", "{F854F207-C13A-4EF1-AC46-E0D375931B37}"
EndProject
Project("{FAE04EC0-301F-11D3-BF4B-00C04F79EFBC}") = "Tester.GUI", "UI_test_player_TD\Tester.GUI.csproj", "{1A9BF14F-2558-4D3C-8647-804D2CBCE53C}"
EndProject
Project("{FAE04EC0-301F-11D3-BF4B-00C04F79EFBC}") = "Tester.CLI", "testercl\Tester.CLI.csproj", "{47932001-42AD-4FB6-8931-FC26B20169C1}"
EndProject
Project("{FAE04EC0-301F-11D3-BF4B-00C04F79EFBC}") = "Tester.Web", "tester-webapp\Tester.Web.csproj", "{4B761469-89C0-46B1-9941-E5843ED4557E}"
EndProject
Project("{FAE04EC0-301F-11D3-BF4B-00C04F79EFBC}") = "Tester.Domain", "Tester.Domain\Tester.Domain.csproj", "{B3E8DFCF-B5C6-4478-A31E-CF3A79C5CF13}"
EndProject
Project("{FAE04EC0-301F-11D3-BF4B-00C04F79EFBC}") = "Tester.Infra", "Tester.Infra\Tester.Infra.csproj", "{2C9E5E2D-ABA2-4670-ABB3-B7C6C3C71E62}"
EndProject
Project("{2150E333-8FDC-42A3-9474-1A3956D46DE8}") = "0 - Presentation", "0 - Presentation", "{8CFA3FF3-6E48-40F2-B141-0B8405653DC5}"
EndProject
Project("{2150E333-8FDC-42A3-9474-1A3956D46DE8}") = "2 - Application", "2 - Application", "{55E1EEFA-08CD-4D48-8828-36CB83D78F84}"
EndProject
Project("{2150E333-8FDC-42A3-9474-1A3956D46DE8}") = "3 - Domain", "3 - Domain", "{56A32A50-5C80-4C7A-A457-3A91EF487E36}"
EndProject
Project("{2150E333-8FDC-42A3-9474-1A3956D46DE8}") = "4 - Infra", "4 - Infra", "{6F373F01-AF43-43E9-8D12-2DC094E18EE9}"
EndProject
Project("{2150E333-8FDC-42A3-9474-1A3956D46DE8}") = "1 - Services", "1 - Services", "{1F781E02-26C5-4C16-AC63-68FE471F0B28}"
EndProject
Project("{FAE04EC0-301F-11D3-BF4B-00C04F79EFBC}") = "Tester.Application", "Tester.Application\Tester.Application.csproj", "{6D1A4D11-601E-4322-BA98-34039E008582}"
EndProject
Project("{2150E333-8FDC-42A3-9474-1A3956D46DE8}") = "5 - Utils", "5 - Utils", "{996C8489-5FEE-40A2-AE80-8BAEFB70B345}"
EndProject
Project("{FAE04EC0-301F-11D3-BF4B-00C04F79EFBC}") = "Tester.CrossCutting", "Tester.CrossCutting\Tester.CrossCutting.csproj", "{F8AB9237-0E36-4F81-9946-3F0411180A66}"
EndProject
Global
	GlobalSection(SolutionConfigurationPlatforms) = preSolution
		Debug|Any CPU = Debug|Any CPU
		Release|Any CPU = Release|Any CPU
	EndGlobalSection
	GlobalSection(ProjectConfigurationPlatforms) = postSolution
		{F854F207-C13A-4EF1-AC46-E0D375931B37}.Debug|Any CPU.ActiveCfg = Debug|Any CPU
		{F854F207-C13A-4EF1-AC46-E0D375931B37}.Debug|Any CPU.Build.0 = Debug|Any CPU
		{F854F207-C13A-4EF1-AC46-E0D375931B37}.Release|Any CPU.ActiveCfg = Release|Any CPU
		{F854F207-C13A-4EF1-AC46-E0D375931B37}.Release|Any CPU.Build.0 = Release|Any CPU
		{1A9BF14F-2558-4D3C-8647-804D2CBCE53C}.Debug|Any CPU.ActiveCfg = Debug|Any CPU
		{1A9BF14F-2558-4D3C-8647-804D2CBCE53C}.Debug|Any CPU.Build.0 = Debug|Any CPU
		{1A9BF14F-2558-4D3C-8647-804D2CBCE53C}.Release|Any CPU.ActiveCfg = Release|Any CPU
		{1A9BF14F-2558-4D3C-8647-804D2CBCE53C}.Release|Any CPU.Build.0 = Release|Any CPU
		{47932001-42AD-4FB6-8931-FC26B20169C1}.Debug|Any CPU.ActiveCfg = Debug|Any CPU
		{47932001-42AD-4FB6-8931-FC26B20169C1}.Debug|Any CPU.Build.0 = Debug|Any CPU
		{47932001-42AD-4FB6-8931-FC26B20169C1}.Release|Any CPU.ActiveCfg = Release|Any CPU
		{47932001-42AD-4FB6-8931-FC26B20169C1}.Release|Any CPU.Build.0 = Release|Any CPU
		{4B761469-89C0-46B1-9941-E5843ED4557E}.Debug|Any CPU.ActiveCfg = Debug|Any CPU
		{4B761469-89C0-46B1-9941-E5843ED4557E}.Debug|Any CPU.Build.0 = Debug|Any CPU
		{4B761469-89C0-46B1-9941-E5843ED4557E}.Release|Any CPU.ActiveCfg = Release|Any CPU
		{4B761469-89C0-46B1-9941-E5843ED4557E}.Release|Any CPU.Build.0 = Release|Any CPU
		{B3E8DFCF-B5C6-4478-A31E-CF3A79C5CF13}.Debug|Any CPU.ActiveCfg = Debug|Any CPU
		{B3E8DFCF-B5C6-4478-A31E-CF3A79C5CF13}.Debug|Any CPU.Build.0 = Debug|Any CPU
		{B3E8DFCF-B5C6-4478-A31E-CF3A79C5CF13}.Release|Any CPU.ActiveCfg = Release|Any CPU
		{B3E8DFCF-B5C6-4478-A31E-CF3A79C5CF13}.Release|Any CPU.Build.0 = Release|Any CPU
		{2C9E5E2D-ABA2-4670-ABB3-B7C6C3C71E62}.Debug|Any CPU.ActiveCfg = Debug|Any CPU
		{2C9E5E2D-ABA2-4670-ABB3-B7C6C3C71E62}.Debug|Any CPU.Build.0 = Debug|Any CPU
		{2C9E5E2D-ABA2-4670-ABB3-B7C6C3C71E62}.Release|Any CPU.ActiveCfg = Release|Any CPU
		{2C9E5E2D-ABA2-4670-ABB3-B7C6C3C71E62}.Release|Any CPU.Build.0 = Release|Any CPU
		{6D1A4D11-601E-4322-BA98-34039E008582}.Debug|Any CPU.ActiveCfg = Debug|Any CPU
		{6D1A4D11-601E-4322-BA98-34039E008582}.Debug|Any CPU.Build.0 = Debug|Any CPU
		{6D1A4D11-601E-4322-BA98-34039E008582}.Release|Any CPU.ActiveCfg = Release|Any CPU
		{6D1A4D11-601E-4322-BA98-34039E008582}.Release|Any CPU.Build.0 = Release|Any CPU
		{F8AB9237-0E36-4F81-9946-3F0411180A66}.Debug|Any CPU.ActiveCfg = Debug|Any CPU
		{F8AB9237-0E36-4F81-9946-3F0411180A66}.Debug|Any CPU.Build.0 = Debug|Any CPU
		{F8AB9237-0E36-4F81-9946-3F0411180A66}.Release|Any CPU.ActiveCfg = Release|Any CPU
		{F8AB9237-0E36-4F81-9946-3F0411180A66}.Release|Any CPU.Build.0 = Release|Any CPU
	EndGlobalSection
	GlobalSection(SolutionProperties) = preSolution
		HideSolutionNode = FALSE
	EndGlobalSection
	GlobalSection(NestedProjects) = preSolution
		{F854F207-C13A-4EF1-AC46-E0D375931B37} = {1F781E02-26C5-4C16-AC63-68FE471F0B28}
		{1A9BF14F-2558-4D3C-8647-804D2CBCE53C} = {8CFA3FF3-6E48-40F2-B141-0B8405653DC5}
		{47932001-42AD-4FB6-8931-FC26B20169C1} = {8CFA3FF3-6E48-40F2-B141-0B8405653DC5}
		{4B761469-89C0-46B1-9941-E5843ED4557E} = {8CFA3FF3-6E48-40F2-B141-0B8405653DC5}
		{B3E8DFCF-B5C6-4478-A31E-CF3A79C5CF13} = {56A32A50-5C80-4C7A-A457-3A91EF487E36}
		{2C9E5E2D-ABA2-4670-ABB3-B7C6C3C71E62} = {6F373F01-AF43-43E9-8D12-2DC094E18EE9}
		{6D1A4D11-601E-4322-BA98-34039E008582} = {55E1EEFA-08CD-4D48-8828-36CB83D78F84}
		{F8AB9237-0E36-4F81-9946-3F0411180A66} = {996C8489-5FEE-40A2-AE80-8BAEFB70B345}
	EndGlobalSection
	GlobalSection(ExtensibilityGlobals) = postSolution
		SolutionGuid = {DD785340-6738-41C5-A5B3-6EC3519599E9}
	EndGlobalSection
EndGlobal
